{
  "name": "1260660",
  "lockfileVersion": 2,
  "requires": true,
  "packages": {
    "": {
      "dependencies": {
        "angular-base64-upload": "^0.1.23",
        "angularjs-datepicker": "^2.1.23"
      }
    },
    "node_modules/angular-base64-upload": {
      "version": "0.1.23",
      "resolved": "https://registry.npmjs.org/angular-base64-upload/-/angular-base64-upload-0.1.23.tgz",
      "integrity": "sha512-vRSY+7/pag2hEdTSB90LTvT5rU5XPxBNMA1WGz60pNSpChRUzf+h5FR9lObRcGg1WUOvlYinnvoPTD6Nktcx1g==",
      "engines": {
        "node": ">=4.0"
      }
    },
    "node_modules/angularjs-datepicker": {
      "version": "2.1.23",
      "resolved": "https://registry.npmjs.org/angularjs-datepicker/-/angularjs-datepicker-2.1.23.tgz",
      "integrity": "sha1-ZJq4viz3dpKw/IEuKp2xgCIcJOU="
    }
  },
  "dependencies": {
    "angular-base64-upload": {
      "version": "0.1.23",
      "resolved": "https://registry.npmjs.org/angular-base64-upload/-/angular-base64-upload-0.1.23.tgz",
      "integrity": "sha512-vRSY+7/pag2hEdTSB90LTvT5rU5XPxBNMA1WGz60pNSpChRUzf+h5FR9lObRcGg1WUOvlYinnvoPTD6Nktcx1g=="
    },
    "angularjs-datepicker": {
      "version": "2.1.23",
      "resolved": "https://registry.npmjs.org/angularjs-datepicker/-/angularjs-datepicker-2.1.23.tgz",
      "integrity": "sha1-ZJq4viz3dpKw/IEuKp2xgCIcJOU="
    }
  }
}
